{
  "version": 4,
  "terraform_version": "1.6.6",
  "serial": 22,
  "lineage": "ce4980f7-6838-3f59-5fa1-5a67043eabd8",
  "outputs": {
    "yandex_function_test-function": {
      "value": "d4en747u0aaeiggq8jq0",
      "type": "string"
    }
  },
  "resources": [
    {
      "mode": "managed",
      "type": "yandex_function",
      "name": "test-function",
      "provider": "provider[\"registry.terraform.io/yandex-cloud/yandex\"]",
      "instances": [
        {
          "schema_version": 0,
          "attributes": {
            "async_invocation": [],
            "connectivity": [],
            "content": [
              {
                "zip_filename": "../../func.zip"
              }
            ],
            "created_at": "2023-12-15T13:00:50Z",
            "description": "Test function",
            "entrypoint": "cmd/function/main.Handler",
            "environment": {},
            "execution_timeout": "10",
            "folder_id": "b1gdimk0to2b6b0gl9vd",
            "id": "d4en747u0aaeiggq8jq0",
            "image_size": 4321280,
            "labels": {},
            "loggroup_id": "",
            "memory": 128,
            "name": "test-function2",
            "package": [],
            "runtime": "golang121",
            "secrets": [],
            "service_account_id": "",
            "storage_mounts": [],
            "tags": [],
            "timeouts": null,
            "user_hash": "first-function3",
            "version": "d4ek5karfrdilihg9l9k"
          },
          "sensitive_attributes": [],
          "private": "eyJlMmJmYjczMC1lY2FhLTExZTYtOGY4OC0zNDM2M2JjN2M0YzAiOnsiY3JlYXRlIjo2MDAwMDAwMDAwMDAsImRlbGV0ZSI6NjAwMDAwMDAwMDAwLCJ1cGRhdGUiOjYwMDAwMDAwMDAwMH19"
        }
      ]
    },
    {
      "mode": "managed",
      "type": "yandex_function_iam_binding",
      "name": "function-iam",
      "provider": "provider[\"registry.terraform.io/yandex-cloud/yandex\"]",
      "instances": [
        {
          "schema_version": 0,
          "attributes": {
            "function_id": "d4en747u0aaeiggq8jq0",
            "id": "d4en747u0aaeiggq8jq0/functions.functionInvoker",
            "members": [
              "system:allUsers"
            ],
            "role": "functions.functionInvoker",
            "sleep_after": null,
            "timeouts": null
          },
          "sensitive_attributes": [],
          "private": "eyJlMmJmYjczMC1lY2FhLTExZTYtOGY4OC0zNDM2M2JjN2M0YzAiOnsiY3JlYXRlIjo2MDAwMDAwMDAwMCwiZGVmYXVsdCI6NjAwMDAwMDAwMDAsImRlbGV0ZSI6NjAwMDAwMDAwMDAsInJlYWQiOjYwMDAwMDAwMDAwLCJ1cGRhdGUiOjYwMDAwMDAwMDAwfX0=",
          "dependencies": [
            "yandex_function.test-function"
          ]
        }
      ]
    }
  ],
  "check_results": null
}
